
Microsoft Visual Studio Solution File, Format Version 12.00
Project("{FAE04EC0-301F-11D3-BF4B-00C04F79EFBC}") = "Os.NET", "Os.NET\Os.NET.csproj", "{85ABF9CC-5199-4CF8-A4EC-B2E12E2A2F82}"
EndProject
Global
	GlobalSection(SolutionConfigurationPlatforms) = preSolution
		Debug|Any CPU = Debug|Any CPU
		Release|Any CPU = Release|Any CPU
	EndGlobalSection
	GlobalSection(ProjectConfigurationPlatforms) = postSolution
		{85ABF9CC-5199-4CF8-A4EC-B2E12E2A2F82}.Debug|Any CPU.ActiveCfg = Debug|Any CPU
		{85ABF9CC-5199-4CF8-A4EC-B2E12E2A2F82}.Debug|Any CPU.Build.0 = Debug|Any CPU
		{85ABF9CC-5199-4CF8-A4EC-B2E12E2A2F82}.Release|Any CPU.ActiveCfg = Release|Any CPU
		{85ABF9CC-5199-4CF8-A4EC-B2E12E2A2F82}.Release|Any CPU.Build.0 = Release|Any CPU
	EndGlobalSection
EndGlobal
